PODS:
  - CryptoSwift (1.4.0)
  - MeteorDDP (2.5.1):
    - CryptoSwift (~> 1.4.0)
    - Starscream (~> 4.0.4)
  - Starscream (4.0.4)

DEPENDENCIES:
  - MeteorDDP (from `../`)

SPEC REPOS:
  trunk:
    - CryptoSwift
    - Starscream

EXTERNAL SOURCES:
  MeteorDDP:
    :path: "../"

SPEC CHECKSUMS:
  CryptoSwift: 7cc902df1784de3b389a387756c7d710f197730c
  MeteorDDP: ea7f067e392090b1d0ee7e36e1ad3cf08b22565d
  Starscream: 5178aed56b316f13fa3bc55694e583d35dd414d9

PODFILE CHECKSUM: c58c34ae0eb518c800406e34afc37580dfe7e9b3

COCOAPODS: 1.14.3
